{
  "nodes": {
    "nixpkgs": {
      "locked": {
        "lastModified": 1790578696,
        "narHash": "sha256-ZoxIApko70jCdbH3l20HWXOBaT2HZd87orzd2yJ9dVE=",
        "owner": "NixOS",
        "repo": "nixpkgs",
        "rev": "7a0f122f5090cf4c2ade2a13a0e229d4e19ba71f",
        "type": "github"
      },
      "original": {
        "owner": "NixOS",
        "ref": "nixos-unstable",
        "repo": "nixpkgs",
        "type": "github"
      }
    },
    "renpy-src": {
      "flake": false,
      "locked": {
        "lastModified": 1778894081,
        "narHash": "sha256-RLLgCVLf6LJiv5O66lgcwF5jP1NZPpsG1/OD4nZXCJc=",
        "owner": "renpy",
        "repo": "renpy",
        "rev": "39895c1e017f0b36ffea2447d97eccd69d76ee1c",
        "type": "github"
      },
      "original": {
        "owner": "renpy",
        "ref": "8.5.3.26051504",
        "repo": "renpy",
        "type": "github"
      }
    },
    "root": {
      "inputs": {
        "nixpkgs": "nixpkgs",
        "renpy-src": "renpy-src"
      }
    }
  },
  "root": "root",
  "version": 7
}
